
Microsoft Visual Studio Solution File, Format Version 12.00
# Visual Studio Version 16
VisualStudioVersion = 16.0.29509.3
MinimumVisualStudioVersion = 10.0.40219.1
Project("{FAE04EC0-301F-11D3-BF4B-00C04F79EFBC}") = "RabbitMQExchangeType.Publisher", "RabbitMQExchangeType.Publisher\RabbitMQExchangeType.Publisher.csproj", "{E0A4212E-27D7-4281-9941-188E579A9468}"
EndProject
Project("{FAE04EC0-301F-11D3-BF4B-00C04F79EFBC}") = "RabbitMQExchangeType.Consumer", "RabbitMQExchangeType.Consumer\RabbitMQExchangeType.Consumer.csproj", "{32780229-A10F-48D6-92BF-AD3BF1C19A36}"
EndProject
Global
	GlobalSection(SolutionConfigurationPlatforms) = preSolution
		Debug|Any CPU = Debug|Any CPU
		Release|Any CPU = Release|Any CPU
	EndGlobalSection
	GlobalSection(ProjectConfigurationPlatforms) = postSolution
		{E0A4212E-27D7-4281-9941-188E579A9468}.Debug|Any CPU.ActiveCfg = Debug|Any CPU
		{E0A4212E-27D7-4281-9941-188E579A9468}.Debug|Any CPU.Build.0 = Debug|Any CPU
		{E0A4212E-27D7-4281-9941-188E579A9468}.Release|Any CPU.ActiveCfg = Release|Any CPU
		{E0A4212E-27D7-4281-9941-188E579A9468}.Release|Any CPU.Build.0 = Release|Any CPU
		{32780229-A10F-48D6-92BF-AD3BF1C19A36}.Debug|Any CPU.ActiveCfg = Debug|Any CPU
		{32780229-A10F-48D6-92BF-AD3BF1C19A36}.Debug|Any CPU.Build.0 = Debug|Any CPU
		{32780229-A10F-48D6-92BF-AD3BF1C19A36}.Release|Any CPU.ActiveCfg = Release|Any CPU
		{32780229-A10F-48D6-92BF-AD3BF1C19A36}.Release|Any CPU.Build.0 = Release|Any CPU
	EndGlobalSection
	GlobalSection(SolutionProperties) = preSolution
		HideSolutionNode = FALSE
	EndGlobalSection
	GlobalSection(ExtensibilityGlobals) = postSolution
		SolutionGuid = {22B28A6F-D81E-4D60-9A0F-59A4ECF80169}
	EndGlobalSection
EndGlobal
